
Microsoft Visual Studio Solution File, Format Version 12.00
# Visual Studio Version 17
VisualStudioVersion = 17.13.35931.197 d17.13
MinimumVisualStudioVersion = 10.0.40219.1
Project("{FAE04EC0-301F-11D3-BF4B-00C04F79EFBC}") = "HabitQuest", "HabitQuest\HabitQuest.csproj", "{DA72AA88-9902-4FB7-9255-BB64B3D8BC01}"
EndProject
Global
	GlobalSection(SolutionConfigurationPlatforms) = preSolution
		Debug|Any CPU = Debug|Any CPU
		Release|Any CPU = Release|Any CPU
	EndGlobalSection
	GlobalSection(ProjectConfigurationPlatforms) = postSolution
		{DA72AA88-9902-4FB7-9255-BB64B3D8BC01}.Debug|Any CPU.ActiveCfg = Debug|Any CPU
		{DA72AA88-9902-4FB7-9255-BB64B3D8BC01}.Debug|Any CPU.Build.0 = Debug|Any CPU
		{DA72AA88-9902-4FB7-9255-BB64B3D8BC01}.Release|Any CPU.ActiveCfg = Release|Any CPU
		{DA72AA88-9902-4FB7-9255-BB64B3D8BC01}.Release|Any CPU.Build.0 = Release|Any CPU
	EndGlobalSection
	GlobalSection(SolutionProperties) = preSolution
		HideSolutionNode = FALSE
	EndGlobalSection
	GlobalSection(ExtensibilityGlobals) = postSolution
		SolutionGuid = {79F9FFDD-9E6B-49E7-B0FC-525D6437288B}
	EndGlobalSection
EndGlobal
